// !$*UTF8*$!
{
	archiveVersion = 1;
	classes = {
	};
	objectVersion = 50;
	objects = {

/* Begin PBXBuildFile section */
		63664F6121DA21B400070615 /* PrivacyPolicyTableViewController.swift in Sources */ = {isa = PBXBuildFile; fileRef = 63664F6021DA21B300070615 /* PrivacyPolicyTableViewController.swift */; };
		639B73FA21CCD2C3007AFB1E /* AppDelegate.swift in Sources */ = {isa = PBXBuildFile; fileRef = 639B73F921CCD2C3007AFB1E /* AppDelegate.swift */; };
		639B73FF21CCD2C3007AFB1E /* Main.storyboard in Resources */ = {isa = PBXBuildFile; fileRef = 639B73FD21CCD2C3007AFB1E /* Main.storyboard */; };
		639B740421CCD2C6007AFB1E /* LaunchScreen.storyboard in Resources */ = {isa = PBXBuildFile; fileRef = 639B740221CCD2C6007AFB1E /* LaunchScreen.storyboard */; };
		639B741021CCD449007AFB1E /* ToolDescriptionViewController.swift in Sources */ = {isa = PBXBuildFile; fileRef = 639B740F21CCD449007AFB1E /* ToolDescriptionViewController.swift */; };
		639B741221CCD4A5007AFB1E /* ToolManipulations.swift in Sources */ = {isa = PBXBuildFile; fileRef = 639B741121CCD4A5007AFB1E /* ToolManipulations.swift */; };
		639B741621CCD542007AFB1E /* PlayMusicViewController.swift in Sources */ = {isa = PBXBuildFile; fileRef = 639B741521CCD542007AFB1E /* PlayMusicViewController.swift */; };
		639B741821CCD5B1007AFB1E /* Localizable.strings in Resources */ = {isa = PBXBuildFile; fileRef = 639B741721CCD5B1007AFB1E /* Localizable.strings */; };
		639B741A21CCD5F1007AFB1E /* Localizable.plist in Resources */ = {isa = PBXBuildFile; fileRef = 639B741921CCD5F1007AFB1E /* Localizable.plist */; };
		639B741C21CCD694007AFB1E /* AudioPlayer.swift in Sources */ = {isa = PBXBuildFile; fileRef = 639B741B21CCD694007AFB1E /* AudioPlayer.swift */; };
		639B741E21CCD6E3007AFB1E /* SharedUserDefaultsDatastore.swift in Sources */ = {isa = PBXBuildFile; fileRef = 639B741D21CCD6E3007AFB1E /* SharedUserDefaultsDatastore.swift */; };
		639B742021CCD72A007AFB1E /* SwiftActivity.swift in Sources */ = {isa = PBXBuildFile; fileRef = 639B741F21CCD72A007AFB1E /* SwiftActivity.swift */; };
		639B742221CCD82E007AFB1E /* Assets.xcassets in Resources */ = {isa = PBXBuildFile; fileRef = 639B742121CCD82E007AFB1E /* Assets.xcassets */; };
		639B742421CCDA24007AFB1E /* Podfile in Resources */ = {isa = PBXBuildFile; fileRef = 639B742321CCDA24007AFB1E /* Podfile */; };
		63FA4EED21D4FDF70046D572 /* AboutTableViewController.swift in Sources */ = {isa = PBXBuildFile; fileRef = 63FA4EEC21D4FDF70046D572 /* AboutTableViewController.swift */; };
		63FA4F1B21D564B90046D572 /* AboutTableViewCell.swift in Sources */ = {isa = PBXBuildFile; fileRef = 63FA4F1A21D564B90046D572 /* AboutTableViewCell.swift */; };
		D7675E39B7F46E89BCD40F0C /* Pods_AgelessGrace.framework in Frameworks */ = {isa = PBXBuildFile; fileRef = E7CD865A14F3FE798DFDF552 /* Pods_AgelessGrace.framework */; };
		D82435E722077AFD001EAD99 /* SettingsViewController.swift in Sources */ = {isa = PBXBuildFile; fileRef = D82435E622077AFC001EAD99 /* SettingsViewController.swift */; };
		D845FFAB227345950093EB43 /* ToolsViewController.swift in Sources */ = {isa = PBXBuildFile; fileRef = D845FFAA227345950093EB43 /* ToolsViewController.swift */; };
/* End PBXBuildFile section */

/* Begin PBXFileReference section */
		424F814ACDE401F277E2796F /* Pods-AgelessGrace.release.xcconfig */ = {isa = PBXFileReference; includeInIndex = 1; lastKnownFileType = text.xcconfig; name = "Pods-AgelessGrace.release.xcconfig"; path = "Pods/Target Support Files/Pods-AgelessGrace/Pods-AgelessGrace.release.xcconfig"; sourceTree = "<group>"; };
		63664F6021DA21B300070615 /* PrivacyPolicyTableViewController.swift */ = {isa = PBXFileReference; lastKnownFileType = sourcecode.swift; path = PrivacyPolicyTableViewController.swift; sourceTree = "<group>"; };
		639B73F621CCD2C3007AFB1E /* AgelessGrace.app */ = {isa = PBXFileReference; explicitFileType = wrapper.application; includeInIndex = 0; path = AgelessGrace.app; sourceTree = BUILT_PRODUCTS_DIR; };
		639B73F921CCD2C3007AFB1E /* AppDelegate.swift */ = {isa = PBXFileReference; lastKnownFileType = sourcecode.swift; path = AppDelegate.swift; sourceTree = "<group>"; };
		639B73FE21CCD2C3007AFB1E /* Base */ = {isa = PBXFileReference; lastKnownFileType = file.storyboard; name = Base; path = Base.lproj/Main.storyboard; sourceTree = "<group>"; };
		639B740321CCD2C6007AFB1E /* Base */ = {isa = PBXFileReference; lastKnownFileType = file.storyboard; name = Base; path = Base.lproj/LaunchScreen.storyboard; sourceTree = "<group>"; };
		639B740521CCD2C6007AFB1E /* Info.plist */ = {isa = PBXFileReference; lastKnownFileType = text.plist.xml; path = Info.plist; sourceTree = "<group>"; };
		639B740F21CCD449007AFB1E /* ToolDescriptionViewController.swift */ = {isa = PBXFileReference; lastKnownFileType = sourcecode.swift; path = ToolDescriptionViewController.swift; sourceTree = "<group>"; };
		639B741121CCD4A5007AFB1E /* ToolManipulations.swift */ = {isa = PBXFileReference; lastKnownFileType = sourcecode.swift; path = ToolManipulations.swift; sourceTree = "<group>"; };
		639B741521CCD542007AFB1E /* PlayMusicViewController.swift */ = {isa = PBXFileReference; lastKnownFileType = sourcecode.swift; path = PlayMusicViewController.swift; sourceTree = "<group>"; };
		639B741721CCD5B1007AFB1E /* Localizable.strings */ = {isa = PBXFileReference; lastKnownFileType = text.plist.strings; path = Localizable.strings; sourceTree = "<group>"; };
		639B741921CCD5F1007AFB1E /* Localizable.plist */ = {isa = PBXFileReference; lastKnownFileType = text.plist.xml; path = Localizable.plist; sourceTree = "<group>"; };
		639B741B21CCD694007AFB1E /* AudioPlayer.swift */ = {isa = PBXFileReference; lastKnownFileType = sourcecode.swift; path = AudioPlayer.swift; sourceTree = "<group>"; };
		639B741D21CCD6E3007AFB1E /* SharedUserDefaultsDatastore.swift */ = {isa = PBXFileReference; lastKnownFileType = sourcecode.swift; path = SharedUserDefaultsDatastore.swift; sourceTree = "<group>"; };
		639B741F21CCD72A007AFB1E /* SwiftActivity.swift */ = {isa = PBXFileReference; lastKnownFileType = sourcecode.swift; path = SwiftActivity.swift; sourceTree = "<group>"; };
		639B742121CCD82E007AFB1E /* Assets.xcassets */ = {isa = PBXFileReference; lastKnownFileType = folder.assetcatalog; path = Assets.xcassets; sourceTree = "<group>"; };
		639B742321CCDA24007AFB1E /* Podfile */ = {isa = PBXFileReference; lastKnownFileType = text; path = Podfile; sourceTree = "<group>"; xcLanguageSpecificationIdentifier = xcode.lang.ruby; };
		63FA4EEC21D4FDF70046D572 /* AboutTableViewController.swift */ = {isa = PBXFileReference; lastKnownFileType = sourcecode.swift; path = AboutTableViewController.swift; sourceTree = "<group>"; };
		63FA4F1A21D564B90046D572 /* AboutTableViewCell.swift */ = {isa = PBXFileReference; lastKnownFileType = sourcecode.swift; path = AboutTableViewCell.swift; sourceTree = "<group>"; };
		CB641EEE41F691BDFAD37F40 /* Pods-AgelessGrace.debug.xcconfig */ = {isa = PBXFileReference; includeInIndex = 1; lastKnownFileType = text.xcconfig; name = "Pods-AgelessGrace.debug.xcconfig"; path = "Pods/Target Support Files/Pods-AgelessGrace/Pods-AgelessGrace.debug.xcconfig"; sourceTree = "<group>"; };
		D82435E622077AFC001EAD99 /* SettingsViewController.swift */ = {isa = PBXFileReference; lastKnownFileType = sourcecode.swift; path = SettingsViewController.swift; sourceTree = "<group>"; };
		D8393085225A647100BE1A1D /* AgelessGrace.entitlements */ = {isa = PBXFileReference; lastKnownFileType = text.plist.entitlements; path = AgelessGrace.entitlements; sourceTree = "<group>"; };
		D845FFAA227345950093EB43 /* ToolsViewController.swift */ = {isa = PBXFileReference; lastKnownFileType = sourcecode.swift; path = ToolsViewController.swift; sourceTree = "<group>"; };
		E7CD865A14F3FE798DFDF552 /* Pods_AgelessGrace.framework */ = {isa = PBXFileReference; explicitFileType = wrapper.framework; includeInIndex = 0; path = Pods_AgelessGrace.framework; sourceTree = BUILT_PRODUCTS_DIR; };
/* End PBXFileReference section */

/* Begin PBXFrameworksBuildPhase section */
		639B73F321CCD2C3007AFB1E /* Frameworks */ = {
			isa = PBXFrameworksBuildPhase;
			buildActionMask = 2147483647;
			files = (
				D7675E39B7F46E89BCD40F0C /* Pods_AgelessGrace.framework in Frameworks */,
			);
			runOnlyForDeploymentPostprocessing = 0;
		};
/* End PBXFrameworksBuildPhase section */

/* Begin PBXGroup section */
		6389907965C446EFCEED63F5 /* Frameworks */ = {
			isa = PBXGroup;
			children = (
				E7CD865A14F3FE798DFDF552 /* Pods_AgelessGrace.framework */,
			);
			name = Frameworks;
			sourceTree = "<group>";
		};
		639B73ED21CCD2C2007AFB1E = {
			isa = PBXGroup;
			children = (
				639B73F821CCD2C3007AFB1E /* AgelessGrace */,
				639B742321CCDA24007AFB1E /* Podfile */,
				639B73F721CCD2C3007AFB1E /* Products */,
				E0FDEAEC15A38BC741BA9DA5 /* Pods */,
				6389907965C446EFCEED63F5 /* Frameworks */,
			);
			sourceTree = "<group>";
		};
		639B73F721CCD2C3007AFB1E /* Products */ = {
			isa = PBXGroup;
			children = (
				639B73F621CCD2C3007AFB1E /* AgelessGrace.app */,
			);
			name = Products;
			sourceTree = "<group>";
		};
		639B73F821CCD2C3007AFB1E /* AgelessGrace */ = {
			isa = PBXGroup;
			children = (
				D8393085225A647100BE1A1D /* AgelessGrace.entitlements */,
				639B73F921CCD2C3007AFB1E /* AppDelegate.swift */,
				D8B869192210314D00202D20 /* Controllers */,
				D846912E220D4B2000B6CEFC /* About */,
				D846912D220D4ADE00B6CEFC /* Settings */,
				D8469133220DACC200B6CEFC /* Utilities */,
				D846912F220D4B9100B6CEFC /* Localizables */,
				639B73FD21CCD2C3007AFB1E /* Main.storyboard */,
				639B740221CCD2C6007AFB1E /* LaunchScreen.storyboard */,
				639B740521CCD2C6007AFB1E /* Info.plist */,
				639B742121CCD82E007AFB1E /* Assets.xcassets */,
			);
			path = AgelessGrace;
			sourceTree = "<group>";
		};
		D846912D220D4ADE00B6CEFC /* Settings */ = {
			isa = PBXGroup;
			children = (
				D82435E622077AFC001EAD99 /* SettingsViewController.swift */,
			);
			path = Settings;
			sourceTree = "<group>";
		};
		D846912E220D4B2000B6CEFC /* About */ = {
			isa = PBXGroup;
			children = (
				63664F6021DA21B300070615 /* PrivacyPolicyTableViewController.swift */,
				63FA4EEC21D4FDF70046D572 /* AboutTableViewController.swift */,
				63FA4F1A21D564B90046D572 /* AboutTableViewCell.swift */,
			);
			path = About;
			sourceTree = "<group>";
		};
		D846912F220D4B9100B6CEFC /* Localizables */ = {
			isa = PBXGroup;
			children = (
				639B741721CCD5B1007AFB1E /* Localizable.strings */,
				639B741921CCD5F1007AFB1E /* Localizable.plist */,
			);
			path = Localizables;
			sourceTree = "<group>";
		};
		D8469133220DACC200B6CEFC /* Utilities */ = {
			isa = PBXGroup;
			children = (
				639B741B21CCD694007AFB1E /* AudioPlayer.swift */,
				639B741D21CCD6E3007AFB1E /* SharedUserDefaultsDatastore.swift */,
				639B741F21CCD72A007AFB1E /* SwiftActivity.swift */,
			);
			path = Utilities;
			sourceTree = "<group>";
		};
		D8B869192210314D00202D20 /* Controllers */ = {
			isa = PBXGroup;
			children = (
				639B740F21CCD449007AFB1E /* ToolDescriptionViewController.swift */,
				639B741121CCD4A5007AFB1E /* ToolManipulations.swift */,
				D845FFAA227345950093EB43 /* ToolsViewController.swift */,
				639B741521CCD542007AFB1E /* PlayMusicViewController.swift */,
			);
			path = Controllers;
			sourceTree = "<group>";
		};
		E0FDEAEC15A38BC741BA9DA5 /* Pods */ = {
			isa = PBXGroup;
			children = (
				CB641EEE41F691BDFAD37F40 /* Pods-AgelessGrace.debug.xcconfig */,
				424F814ACDE401F277E2796F /* Pods-AgelessGrace.release.xcconfig */,
			);
			name = Pods;
			sourceTree = "<group>";
		};
/* End PBXGroup section */

/* Begin PBXNativeTarget section */
		639B73F521CCD2C3007AFB1E /* AgelessGrace */ = {
			isa = PBXNativeTarget;
			buildConfigurationList = 639B740821CCD2C6007AFB1E /* Build configuration list for PBXNativeTarget "AgelessGrace" */;
			buildPhases = (
				9A9FACA72989FA4B3DF7AAD2 /* [CP] Check Pods Manifest.lock */,
				639B73F221CCD2C3007AFB1E /* Sources */,
				639B73F321CCD2C3007AFB1E /* Frameworks */,
				639B73F421CCD2C3007AFB1E /* Resources */,
				07CA55FC5A8D958F3AF14461 /* [CP] Embed Pods Frameworks */,
			);
			buildRules = (
			);
			dependencies = (
			);
			name = AgelessGrace;
			productName = AgelessGrace;
			productReference = 639B73F621CCD2C3007AFB1E /* AgelessGrace.app */;
			productType = "com.apple.product-type.application";
		};
/* End PBXNativeTarget section */

/* Begin PBXProject section */
		639B73EE21CCD2C2007AFB1E /* Project object */ = {
			isa = PBXProject;
			attributes = {
				LastSwiftUpdateCheck = 1010;
				LastUpgradeCheck = 1010;
				ORGANIZATIONNAME = "David Brownstone";
				TargetAttributes = {
					639B73F521CCD2C3007AFB1E = {
						CreatedOnToolsVersion = 10.1;
						SystemCapabilities = {
							com.apple.InAppPurchase = {
								enabled = 0;
							};
							com.apple.iCloud = {
								enabled = 1;
							};
						};
					};
				};
			};
			buildConfigurationList = 639B73F121CCD2C3007AFB1E /* Build configuration list for PBXProject "AgelessGrace" */;
			compatibilityVersion = "Xcode 9.3";
			developmentRegion = en;
			hasScannedForEncodings = 0;
			knownRegions = (
				en,
				Base,
			);
			mainGroup = 639B73ED21CCD2C2007AFB1E;
			productRefGroup = 639B73F721CCD2C3007AFB1E /* Products */;
			projectDirPath = "";
			projectRoot = "";
			targets = (
				639B73F521CCD2C3007AFB1E /* AgelessGrace */,
			);
		};
/* End PBXProject section */

/* Begin PBXResourcesBuildPhase section */
		639B73F421CCD2C3007AFB1E /* Resources */ = {
			isa = PBXResourcesBuildPhase;
			buildActionMask = 2147483647;
			files = (
				639B742421CCDA24007AFB1E /* Podfile in Resources */,
				639B740421CCD2C6007AFB1E /* LaunchScreen.storyboard in Resources */,
				639B742221CCD82E007AFB1E /* Assets.xcassets in Resources */,
				639B741821CCD5B1007AFB1E /* Localizable.strings in Resources */,
				639B741A21CCD5F1007AFB1E /* Localizable.plist in Resources */,
				639B73FF21CCD2C3007AFB1E /* Main.storyboard in Resources */,
			);
			runOnlyForDeploymentPostprocessing = 0;
		};
/* End PBXResourcesBuildPhase section */

/* Begin PBXShellScriptBuildPhase section */
		07CA55FC5A8D958F3AF14461 /* [CP] Embed Pods Frameworks */ = {
			isa = PBXShellScriptBuildPhase;
			buildActionMask = 2147483647;
			files = (
			);
			inputPaths = (
				"${PODS_ROOT}/Target Support Files/Pods-AgelessGrace/Pods-AgelessGrace-frameworks.sh",
				"${BUILT_PRODUCTS_DIR}/MarqueeLabel/MarqueeLabel.framework",
			);
			name = "[CP] Embed Pods Frameworks";
			outputPaths = (
				"${TARGET_BUILD_DIR}/${FRAMEWORKS_FOLDER_PATH}/MarqueeLabel.framework",
			);
			runOnlyForDeploymentPostprocessing = 0;
			shellPath = /bin/sh;
			shellScript = "\"${PODS_ROOT}/Target Support Files/Pods-AgelessGrace/Pods-AgelessGrace-frameworks.sh\"\n";
			showEnvVarsInLog = 0;
		};
		9A9FACA72989FA4B3DF7AAD2 /* [CP] Check Pods Manifest.lock */ = {
			isa = PBXShellScriptBuildPhase;
			buildActionMask = 2147483647;
			files = (
			);
			inputPaths = (
				"${PODS_PODFILE_DIR_PATH}/Podfile.lock",
				"${PODS_ROOT}/Manifest.lock",
			);
			name = "[CP] Check Pods Manifest.lock";
			outputPaths = (
				"$(DERIVED_FILE_DIR)/Pods-AgelessGrace-checkManifestLockResult.txt",
			);
			runOnlyForDeploymentPostprocessing = 0;
			shellPath = /bin/sh;
			shellScript = "diff \"${PODS_PODFILE_DIR_PATH}/Podfile.lock\" \"${PODS_ROOT}/Manifest.lock\" > /dev/null\nif [ $? != 0 ] ; then\n    # print error to STDERR\n    echo \"error: The sandbox is not in sync with the Podfile.lock. Run 'pod install' or update your CocoaPods installation.\" >&2\n    exit 1\nfi\n# This output is used by Xcode 'outputs' to avoid re-running this script phase.\necho \"SUCCESS\" > \"${SCRIPT_OUTPUT_FILE_0}\"\n";
			showEnvVarsInLog = 0;
		};
/* End PBXShellScriptBuildPhase section */

/* Begin PBXSourcesBuildPhase section */
		639B73F221CCD2C3007AFB1E /* Sources */ = {
			isa = PBXSourcesBuildPhase;
			buildActionMask = 2147483647;
			files = (
				D845FFAB227345950093EB43 /* ToolsViewController.swift in Sources */,
				639B742021CCD72A007AFB1E /* SwiftActivity.swift in Sources */,
				63664F6121DA21B400070615 /* PrivacyPolicyTableViewController.swift in Sources */,
				63FA4F1B21D564B90046D572 /* AboutTableViewCell.swift in Sources */,
				63FA4EED21D4FDF70046D572 /* AboutTableViewController.swift in Sources */,
				639B73FA21CCD2C3007AFB1E /* AppDelegate.swift in Sources */,
				639B741021CCD449007AFB1E /* ToolDescriptionViewController.swift in Sources */,
				639B741221CCD4A5007AFB1E /* ToolManipulations.swift in Sources */,
				639B741621CCD542007AFB1E /* PlayMusicViewController.swift in Sources */,
				639B741C21CCD694007AFB1E /* AudioPlayer.swift in Sources */,
				639B741E21CCD6E3007AFB1E /* SharedUserDefaultsDatastore.swift in Sources */,
				D82435E722077AFD001EAD99 /* SettingsViewController.swift in Sources */,
			);
			runOnlyForDeploymentPostprocessing = 0;
		};
/* End PBXSourcesBuildPhase section */

/* Begin PBXVariantGroup section */
		639B73FD21CCD2C3007AFB1E /* Main.storyboard */ = {
			isa = PBXVariantGroup;
			children = (
				639B73FE21CCD2C3007AFB1E /* Base */,
			);
			name = Main.storyboard;
			sourceTree = "<group>";
		};
		639B740221CCD2C6007AFB1E /* LaunchScreen.storyboard */ = {
			isa = PBXVariantGroup;
			children = (
				639B740321CCD2C6007AFB1E /* Base */,
			);
			name = LaunchScreen.storyboard;
			sourceTree = "<group>";
		};
/* End PBXVariantGroup section */

/* Begin XCBuildConfiguration section */
		639B740621CCD2C6007AFB1E /* Debug */ = {
			isa = XCBuildConfiguration;
			buildSettings = {
				ALWAYS_SEARCH_USER_PATHS = NO;
				CLANG_ANALYZER_NONNULL = YES;
				CLANG_ANALYZER_NUMBER_OBJECT_CONVERSION = YES_AGGRESSIVE;
				CLANG_CXX_LANGUAGE_STANDARD = "gnu++14";
				CLANG_CXX_LIBRARY = "libc++";
				CLANG_ENABLE_MODULES = YES;
				CLANG_ENABLE_OBJC_ARC = YES;
				CLANG_ENABLE_OBJC_WEAK = YES;
				CLANG_WARN_BLOCK_CAPTURE_AUTORELEASING = YES;
				CLANG_WARN_BOOL_CONVERSION = YES;
				CLANG_WARN_COMMA = YES;
				CLANG_WARN_CONSTANT_CONVERSION = YES;
				CLANG_WARN_DEPRECATED_OBJC_IMPLEMENTATIONS = YES;
				CLANG_WARN_DIRECT_OBJC_ISA_USAGE = YES_ERROR;
				CLANG_WARN_DOCUMENTATION_COMMENTS = YES;
				CLANG_WARN_EMPTY_BODY = YES;
				CLANG_WARN_ENUM_CONVERSION = YES;
				CLANG_WARN_INFINITE_RECURSION = YES;
				CLANG_WARN_INT_CONVERSION = YES;
				CLANG_WARN_NON_LITERAL_NULL_CONVERSION = YES;
				CLANG_WARN_OBJC_IMPLICIT_RETAIN_SELF = YES;
				CLANG_WARN_OBJC_LITERAL_CONVERSION = YES;
				CLANG_WARN_OBJC_ROOT_CLASS = YES_ERROR;
				CLANG_WARN_RANGE_LOOP_ANALYSIS = YES;
				CLANG_WARN_STRICT_PROTOTYPES = YES;
				CLANG_WARN_SUSPICIOUS_MOVE = YES;
				CLANG_WARN_UNGUARDED_AVAILABILITY = YES_AGGRESSIVE;
				CLANG_WARN_UNREACHABLE_CODE = YES;
				CLANG_WARN__DUPLICATE_METHOD_MATCH = YES;
				CODE_SIGN_IDENTITY = "iPhone Developer";
				COPY_PHASE_STRIP = NO;
				DEBUG_INFORMATION_FORMAT = dwarf;
				ENABLE_STRICT_OBJC_MSGSEND = YES;
				ENABLE_TESTABILITY = YES;
				GCC_C_LANGUAGE_STANDARD = gnu11;
				GCC_DYNAMIC_NO_PIC = NO;
				GCC_NO_COMMON_BLOCKS = YES;
				GCC_OPTIMIZATION_LEVEL = 0;
				GCC_PREPROCESSOR_DEFINITIONS = (
					"DEBUG=1",
					"$(inherited)",
				);
				GCC_WARN_64_TO_32_BIT_CONVERSION = YES;
				GCC_WARN_ABOUT_RETURN_TYPE = YES_ERROR;
				GCC_WARN_UNDECLARED_SELECTOR = YES;
				GCC_WARN_UNINITIALIZED_AUTOS = YES_AGGRESSIVE;
				GCC_WARN_UNUSED_FUNCTION = YES;
				GCC_WARN_UNUSED_VARIABLE = YES;
				IPHONEOS_DEPLOYMENT_TARGET = 12.1;
				MTL_ENABLE_DEBUG_INFO = INCLUDE_SOURCE;
				MTL_FAST_MATH = YES;
				ONLY_ACTIVE_ARCH = YES;
				SDKROOT = iphoneos;
				SWIFT_ACTIVE_COMPILATION_CONDITIONS = DEBUG;
				SWIFT_OPTIMIZATION_LEVEL = "-Onone";
			};
			name = Debug;
		};
		639B740721CCD2C6007AFB1E /* Release */ = {
			isa = XCBuildConfiguration;
			buildSettings = {
				ALWAYS_SEARCH_USER_PATHS = NO;
				CLANG_ANALYZER_NONNULL = YES;
				CLANG_ANALYZER_NUMBER_OBJECT_CONVERSION = YES_AGGRESSIVE;
				CLANG_CXX_LANGUAGE_STANDARD = "gnu++14";
				CLANG_CXX_LIBRARY = "libc++";
				CLANG_ENABLE_MODULES = YES;
				CLANG_ENABLE_OBJC_ARC = YES;
				CLANG_ENABLE_OBJC_WEAK = YES;
				CLANG_WARN_BLOCK_CAPTURE_AUTORELEASING = YES;
				CLANG_WARN_BOOL_CONVERSION = YES;
				CLANG_WARN_COMMA = YES;
				CLANG_WARN_CONSTANT_CONVERSION = YES;
				CLANG_WARN_DEPRECATED_OBJC_IMPLEMENTATIONS = YES;
				CLANG_WARN_DIRECT_OBJC_ISA_USAGE = YES_ERROR;
				CLANG_WARN_DOCUMENTATION_COMMENTS = YES;
				CLANG_WARN_EMPTY_BODY = YES;
				CLANG_WARN_ENUM_CONVERSION = YES;
				CLANG_WARN_INFINITE_RECURSION = YES;
				CLANG_WARN_INT_CONVERSION = YES;
				CLANG_WARN_NON_LITERAL_NULL_CONVERSION = YES;
				CLANG_WARN_OBJC_IMPLICIT_RETAIN_SELF = YES;
				CLANG_WARN_OBJC_LITERAL_CONVERSION = YES;
				CLANG_WARN_OBJC_ROOT_CLASS = YES_ERROR;
				CLANG_WARN_RANGE_LOOP_ANALYSIS = YES;
				CLANG_WARN_STRICT_PROTOTYPES = YES;
				CLANG_WARN_SUSPICIOUS_MOVE = YES;
				CLANG_WARN_UNGUARDED_AVAILABILITY = YES_AGGRESSIVE;
				CLANG_WARN_UNREACHABLE_CODE = YES;
				CLANG_WARN__DUPLICATE_METHOD_MATCH = YES;
				CODE_SIGN_IDENTITY = "iPhone Developer";
				COPY_PHASE_STRIP = NO;
				DEBUG_INFORMATION_FORMAT = "dwarf-with-dsym";
				ENABLE_NS_ASSERTIONS = NO;
				ENABLE_STRICT_OBJC_MSGSEND = YES;
				GCC_C_LANGUAGE_STANDARD = gnu11;
				GCC_NO_COMMON_BLOCKS = YES;
				GCC_WARN_64_TO_32_BIT_CONVERSION = YES;
				GCC_WARN_ABOUT_RETURN_TYPE = YES_ERROR;
				GCC_WARN_UNDECLARED_SELECTOR = YES;
				GCC_WARN_UNINITIALIZED_AUTOS = YES_AGGRESSIVE;
				GCC_WARN_UNUSED_FUNCTION = YES;
				GCC_WARN_UNUSED_VARIABLE = YES;
				IPHONEOS_DEPLOYMENT_TARGET = 12.1;
				MTL_ENABLE_DEBUG_INFO = NO;
				MTL_FAST_MATH = YES;
				SDKROOT = iphoneos;
				SWIFT_COMPILATION_MODE = wholemodule;
				SWIFT_OPTIMIZATION_LEVEL = "-O";
				VALIDATE_PRODUCT = YES;
			};
			name = Release;
		};
		639B740921CCD2C6007AFB1E /* Debug */ = {
			isa = XCBuildConfiguration;
			baseConfigurationReference = CB641EEE41F691BDFAD37F40 /* Pods-AgelessGrace.debug.xcconfig */;
			buildSettings = {
				ASSETCATALOG_COMPILER_APPICON_NAME = AppIcon;
				ASSETCATALOG_COMPILER_LAUNCHIMAGE_NAME = LaunchImage;
				CODE_SIGN_ENTITLEMENTS = AgelessGrace/AgelessGrace.entitlements;
				CODE_SIGN_IDENTITY = "iPhone Developer";
				CODE_SIGN_STYLE = Automatic;
				DEVELOPMENT_TEAM = K2U9D4SGK5;
				INFOPLIST_FILE = AgelessGrace/Info.plist;
				LD_RUNPATH_SEARCH_PATHS = (
					"$(inherited)",
					"@executable_path/Frameworks",
				);
				PRODUCT_BUNDLE_IDENTIFIER = com.DBrownstone.AgelessGrace;
				PRODUCT_NAME = "$(TARGET_NAME)";
				PROVISIONING_PROFILE_SPECIFIER = "";
				SWIFT_VERSION = 4.2;
				TARGETED_DEVICE_FAMILY = "1,2";
			};
			name = Debug;
		};
		639B740A21CCD2C6007AFB1E /* Release */ = {
			isa = XCBuildConfiguration;
			baseConfigurationReference = 424F814ACDE401F277E2796F /* Pods-AgelessGrace.release.xcconfig */;
			buildSettings = {
				ASSETCATALOG_COMPILER_APPICON_NAME = AppIcon;
				ASSETCATALOG_COMPILER_LAUNCHIMAGE_NAME = LaunchImage;
				CODE_SIGN_ENTITLEMENTS = AgelessGrace/AgelessGrace.entitlements;
				CODE_SIGN_IDENTITY = "iPhone Developer";
				CODE_SIGN_STYLE = Automatic;
				DEVELOPMENT_TEAM = K2U9D4SGK5;
				INFOPLIST_FILE = AgelessGrace/Info.plist;
				LD_RUNPATH_SEARCH_PATHS = (
					"$(inherited)",
					"@executable_path/Frameworks",
				);
				PRODUCT_BUNDLE_IDENTIFIER = com.DBrownstone.AgelessGrace;
				PRODUCT_NAME = "$(TARGET_NAME)";
				PROVISIONING_PROFILE_SPECIFIER = "";
				SWIFT_VERSION = 4.2;
				TARGETED_DEVICE_FAMILY = "1,2";
			};
			name = Release;
		};
/* End XCBuildConfiguration section */

/* Begin XCConfigurationList section */
		639B73F121CCD2C3007AFB1E /* Build configuration list for PBXProject "AgelessGrace" */ = {
			isa = XCConfigurationList;
			buildConfigurations = (
				639B740621CCD2C6007AFB1E /* Debug */,
				639B740721CCD2C6007AFB1E /* Release */,
			);
			defaultConfigurationIsVisible = 0;
			defaultConfigurationName = Release;
		};
		639B740821CCD2C6007AFB1E /* Build configuration list for PBXNativeTarget "AgelessGrace" */ = {
			isa = XCConfigurationList;
			buildConfigurations = (
				639B740921CCD2C6007AFB1E /* Debug */,
				639B740A21CCD2C6007AFB1E /* Release */,
			);
			defaultConfigurationIsVisible = 0;
			defaultConfigurationName = Release;
		};
/* End XCConfigurationList section */
	};
	rootObject = 639B73EE21CCD2C2007AFB1E /* Project object */;
}
